
Microsoft Visual Studio Solution File, Format Version 12.00
# Visual Studio 15
VisualStudioVersion = 15.0.28307.902
MinimumVisualStudioVersion = 10.0.40219.1
Project("{FAE04EC0-301F-11D3-BF4B-00C04F79EFBC}") = "HotelBusinessModel", "HotelBusinessModel\HotelBusinessModel.csproj", "{2FB3B1B6-3A95-472D-B465-B34B1E32A932}"
EndProject
Project("{FAE04EC0-301F-11D3-BF4B-00C04F79EFBC}") = "HorelBusinessService", "HorelBusinessService\HorelBusinessService.csproj", "{3B2C6ADC-6666-4FC3-A4E7-95102E12E874}"
EndProject
Project("{FAE04EC0-301F-11D3-BF4B-00C04F79EFBC}") = "RestApiHotelBusiness", "RestApiHotelBusiness\RestApiHotelBusiness.csproj", "{60BB619B-CE2B-4E27-BEFB-D04AD7E9F9A5}"
EndProject
Project("{FAE04EC0-301F-11D3-BF4B-00C04F79EFBC}") = "HotelBusinessWeb", "HotelBusinessWeb\HotelBusinessWeb.csproj", "{8838C6E0-CDA6-4B81-882B-BF85F3EF8AE6}"
EndProject
Project("{FAE04EC0-301F-11D3-BF4B-00C04F79EFBC}") = "WebApplication1", "WebApplication1\WebApplication1.csproj", "{78853288-D01F-4A81-9E10-1EC9F208FC5E}"
EndProject
Project("{FAE04EC0-301F-11D3-BF4B-00C04F79EFBC}") = "UnitTestProject2", "UnitTestProject2\UnitTestProject2.csproj", "{7F46F6C6-A189-4710-ADFC-A485C6B51997}"
EndProject
Project("{FAE04EC0-301F-11D3-BF4B-00C04F79EFBC}") = "HotelBusinessViewAdmin", "HotelBusinessViewAdmin\HotelBusinessViewAdmin.csproj", "{5382329C-66EC-48E1-8047-F59B706EEA7D}"
EndProject
Global
	GlobalSection(SolutionConfigurationPlatforms) = preSolution
		Debug|Any CPU = Debug|Any CPU
		Release|Any CPU = Release|Any CPU
	EndGlobalSection
	GlobalSection(ProjectConfigurationPlatforms) = postSolution
		{2FB3B1B6-3A95-472D-B465-B34B1E32A932}.Debug|Any CPU.ActiveCfg = Debug|Any CPU
		{2FB3B1B6-3A95-472D-B465-B34B1E32A932}.Debug|Any CPU.Build.0 = Debug|Any CPU
		{2FB3B1B6-3A95-472D-B465-B34B1E32A932}.Release|Any CPU.ActiveCfg = Release|Any CPU
		{2FB3B1B6-3A95-472D-B465-B34B1E32A932}.Release|Any CPU.Build.0 = Release|Any CPU
		{3B2C6ADC-6666-4FC3-A4E7-95102E12E874}.Debug|Any CPU.ActiveCfg = Debug|Any CPU
		{3B2C6ADC-6666-4FC3-A4E7-95102E12E874}.Debug|Any CPU.Build.0 = Debug|Any CPU
		{3B2C6ADC-6666-4FC3-A4E7-95102E12E874}.Release|Any CPU.ActiveCfg = Release|Any CPU
		{3B2C6ADC-6666-4FC3-A4E7-95102E12E874}.Release|Any CPU.Build.0 = Release|Any CPU
		{60BB619B-CE2B-4E27-BEFB-D04AD7E9F9A5}.Debug|Any CPU.ActiveCfg = Debug|Any CPU
		{60BB619B-CE2B-4E27-BEFB-D04AD7E9F9A5}.Debug|Any CPU.Build.0 = Debug|Any CPU
		{60BB619B-CE2B-4E27-BEFB-D04AD7E9F9A5}.Release|Any CPU.ActiveCfg = Release|Any CPU
		{60BB619B-CE2B-4E27-BEFB-D04AD7E9F9A5}.Release|Any CPU.Build.0 = Release|Any CPU
		{8838C6E0-CDA6-4B81-882B-BF85F3EF8AE6}.Debug|Any CPU.ActiveCfg = Debug|Any CPU
		{8838C6E0-CDA6-4B81-882B-BF85F3EF8AE6}.Debug|Any CPU.Build.0 = Debug|Any CPU
		{8838C6E0-CDA6-4B81-882B-BF85F3EF8AE6}.Release|Any CPU.ActiveCfg = Release|Any CPU
		{8838C6E0-CDA6-4B81-882B-BF85F3EF8AE6}.Release|Any CPU.Build.0 = Release|Any CPU
		{78853288-D01F-4A81-9E10-1EC9F208FC5E}.Debug|Any CPU.ActiveCfg = Debug|Any CPU
		{78853288-D01F-4A81-9E10-1EC9F208FC5E}.Debug|Any CPU.Build.0 = Debug|Any CPU
		{78853288-D01F-4A81-9E10-1EC9F208FC5E}.Release|Any CPU.ActiveCfg = Release|Any CPU
		{78853288-D01F-4A81-9E10-1EC9F208FC5E}.Release|Any CPU.Build.0 = Release|Any CPU
		{7F46F6C6-A189-4710-ADFC-A485C6B51997}.Debug|Any CPU.ActiveCfg = Debug|Any CPU
		{7F46F6C6-A189-4710-ADFC-A485C6B51997}.Debug|Any CPU.Build.0 = Debug|Any CPU
		{7F46F6C6-A189-4710-ADFC-A485C6B51997}.Release|Any CPU.ActiveCfg = Release|Any CPU
		{7F46F6C6-A189-4710-ADFC-A485C6B51997}.Release|Any CPU.Build.0 = Release|Any CPU
		{5382329C-66EC-48E1-8047-F59B706EEA7D}.Debug|Any CPU.ActiveCfg = Debug|Any CPU
		{5382329C-66EC-48E1-8047-F59B706EEA7D}.Debug|Any CPU.Build.0 = Debug|Any CPU
		{5382329C-66EC-48E1-8047-F59B706EEA7D}.Release|Any CPU.ActiveCfg = Release|Any CPU
		{5382329C-66EC-48E1-8047-F59B706EEA7D}.Release|Any CPU.Build.0 = Release|Any CPU
	EndGlobalSection
	GlobalSection(SolutionProperties) = preSolution
		HideSolutionNode = FALSE
	EndGlobalSection
	GlobalSection(ExtensibilityGlobals) = postSolution
		SolutionGuid = {52C9A400-79CB-45FE-9588-F45C4F19E1B5}
	EndGlobalSection
EndGlobal
